{
  "version": 4,
  "terraform_version": "1.5.7",
  "serial": 803,
  "lineage": "1f0d0c21-9317-0892-0694-8fb2da958c63",
  "outputs": {},
  "resources": [
    {
      "module": "module.compute",
      "mode": "managed",
      "type": "google_compute_instance_group_manager",
      "name": "instance_group_manager",
      "provider": "provider[\"registry.terraform.io/hashicorp/google\"]",
      "instances": [
        {
          "schema_version": 0,
          "attributes": {
            "all_instances_config": [],
            "auto_healing_policies": [],
            "base_instance_name": "instance",
            "creation_timestamp": "2024-04-22T05:01:26.329-07:00",
            "description": "",
            "fingerprint": "Kl5HRdYDSX8=",
            "id": "projects/gd-gcp-internship-devops/zones/us-central1-a/instanceGroupManagers/instance-group-manager",
            "instance_group": "https://www.googleapis.com/compute/v1/projects/gd-gcp-internship-devops/zones/us-central1-a/instanceGroups/instance-group-manager",
            "instance_lifecycle_policy": [
              {
                "default_action_on_failure": "REPAIR",
                "force_update_on_repair": "NO"
              }
            ],
            "list_managed_instances_results": "PAGELESS",
            "name": "instance-group-manager",
            "named_port": [
              {
                "name": "http",
                "port": 80
              }
            ],
            "operation": null,
            "project": "gd-gcp-internship-devops",
            "self_link": "https://www.googleapis.com/compute/v1/projects/gd-gcp-internship-devops/zones/us-central1-a/instanceGroupManagers/instance-group-manager",
            "stateful_disk": [],
            "stateful_external_ip": [],
            "stateful_internal_ip": [],
            "status": [
              {
                "all_instances_config": [
                  {
                    "current_revision": "",
                    "effective": true
                  }
                ],
                "is_stable": false,
                "stateful": [
                  {
                    "has_stateful_config": false,
                    "per_instance_configs": [
                      {
                        "all_effective": true
                      }
                    ]
                  }
                ],
                "version_target": [
                  {
                    "is_reached": true
                  }
                ]
              }
            ],
            "target_pools": null,
            "target_size": 3,
            "timeouts": null,
            "update_policy": [
              {
                "max_surge_fixed": 1,
                "max_surge_percent": 0,
                "max_unavailable_fixed": 1,
                "max_unavailable_percent": 0,
                "minimal_action": "REPLACE",
                "most_disruptive_allowed_action": "",
                "replacement_method": "SUBSTITUTE",
                "type": "OPPORTUNISTIC"
              }
            ],
            "version": [
              {
                "instance_template": "https://www.googleapis.com/compute/v1/projects/gd-gcp-internship-devops/global/instanceTemplates/instance-template",
                "name": "",
                "target_size": []
              }
            ],
            "wait_for_instances": false,
            "wait_for_instances_status": "STABLE",
            "zone": "us-central1-a"
          },
          "sensitive_attributes": [],
          "private": "eyJlMmJmYjczMC1lY2FhLTExZTYtOGY4OC0zNDM2M2JjN2M0YzAiOnsiY3JlYXRlIjo5MDAwMDAwMDAwMDAsImRlbGV0ZSI6OTAwMDAwMDAwMDAwLCJ1cGRhdGUiOjkwMDAwMDAwMDAwMH19",
          "dependencies": [
            "module.compute.google_compute_instance_template.instance_template",
            "module.network.google_compute_network.vpc",
            "module.network.google_compute_subnetwork.custom-subnet1"
          ]
        }
      ]
    },
    {
      "module": "module.compute",
      "mode": "managed",
      "type": "google_compute_instance_template",
      "name": "instance_template",
      "provider": "provider[\"registry.terraform.io/hashicorp/google\"]",
      "instances": [
        {
          "schema_version": 1,
          "attributes": {
            "advanced_machine_features": [],
            "can_ip_forward": false,
            "confidential_instance_config": null,
            "description": "",
            "disk": [
              {
                "auto_delete": true,
                "boot": true,
                "device_name": "persistent-disk-0",
                "disk_encryption_key": [],
                "disk_name": "",
                "disk_size_gb": 0,
                "disk_type": "pd-standard",
                "interface": "SCSI",
                "labels": null,
                "mode": "READ_WRITE",
                "provisioned_iops": 0,
                "resource_manager_tags": null,
                "resource_policies": null,
                "source": "",
                "source_image": "projects/gd-gcp-internship-devops/global/images/apache-image",
                "source_image_encryption_key": [],
                "source_snapshot": "",
                "source_snapshot_encryption_key": [],
                "type": "PERSISTENT"
              }
            ],
            "effective_labels": {},
            "guest_accelerator": [],
            "id": "projects/gd-gcp-internship-devops/global/instanceTemplates/instance-template",
            "instance_description": "",
            "labels": null,
            "machine_type": "e2-micro",
            "metadata": {
              "ssh-keys": "ansible:ssh-rsa AAAAB3NzaC1yc2EAAAADAQABAAABAQC2ogCavwgseRGSpi3xQh5Fqsx84eu4eAQzVQt2SnQ0M+kXCys6z59Buv6tgONphqTawD75f1WI61YleoKHvseqfK5RGiR/4ul253yjrJPh69tMAIlDlFv1A/vAD1p0tacX8OV2v4gA4gikLt1mbh3IkHdB8Q5hfNk6FoTstjlyMC+xrtllAv4L1TTWZ/VRUI6LhVN2O046YY3GpVEm2VMp/W2qYI/+MIA0lwrNQT3OEgsG3TemDEr1Xtn/iTBMYE96G+K5g6cwXzt+DX5DLBFbMs0wVncQUFxraUWDdUzxdk3mL1ZQLIIwARZu/kWMc8qLVjOhc8dmvy59MTf+U8Zn abalabanovic@griddynamics.com\n"
            },
            "metadata_fingerprint": "_2WZEhf0ZVE=",
            "metadata_startup_script": "        \nname=$(hostname)\necho \"Welcome to server $name\" \u003e /var/www/html/index.html\n\nsudo adduser ansible\nsudo usermod -aG sudo ansible\n         \n",
            "min_cpu_platform": "",
            "name": "instance-template",
            "name_prefix": null,
            "network_interface": [
              {
                "access_config": [
                  {
                    "nat_ip": "",
                    "network_tier": "PREMIUM",
                    "public_ptr_domain_name": ""
                  }
                ],
                "alias_ip_range": [],
                "internal_ipv6_prefix_length": 0,
                "ipv6_access_config": [],
                "ipv6_access_type": "",
                "ipv6_address": "",
                "name": "nic0",
                "network": "https://www.googleapis.com/compute/v1/projects/gd-gcp-internship-devops/global/networks/vpc-andrej",
                "network_ip": "",
                "nic_type": "",
                "queue_count": 0,
                "stack_type": "",
                "subnetwork": "https://www.googleapis.com/compute/v1/projects/gd-gcp-internship-devops/regions/us-central1/subnetworks/custom-subnet1",
                "subnetwork_project": "gd-gcp-internship-devops"
              }
            ],
            "network_performance_config": [],
            "project": "gd-gcp-internship-devops",
            "region": "us-central1",
            "reservation_affinity": [],
            "resource_manager_tags": null,
            "resource_policies": null,
            "scheduling": [
              {
                "automatic_restart": true,
                "instance_termination_action": "",
                "local_ssd_recovery_timeout": [],
                "min_node_cpus": 0,
                "node_affinities": [],
                "on_host_maintenance": "MIGRATE",
                "preemptible": false,
                "provisioning_model": "STANDARD"
              }
            ],
            "self_link": "https://www.googleapis.com/compute/v1/projects/gd-gcp-internship-devops/global/instanceTemplates/instance-template",
            "self_link_unique": "https://www.googleapis.com/compute/v1/projects/gd-gcp-internship-devops/global/instanceTemplates/instance-template?uniqueId=3694551345224478567",
            "service_account": [],
            "shielded_instance_config": [],
            "tags": [
              "http-allow",
              "ssh-allow"
            ],
            "tags_fingerprint": "",
            "terraform_labels": {},
            "timeouts": null
          },
          "sensitive_attributes": [],
          "private": "eyJlMmJmYjczMC1lY2FhLTExZTYtOGY4OC0zNDM2M2JjN2M0YzAiOnsiY3JlYXRlIjoyNDAwMDAwMDAwMDAsImRlbGV0ZSI6MjQwMDAwMDAwMDAwfSwic2NoZW1hX3ZlcnNpb24iOiIxIn0=",
          "dependencies": [
            "module.network.google_compute_network.vpc",
            "module.network.google_compute_subnetwork.custom-subnet1"
          ]
        }
      ]
    },
    {
      "module": "module.network",
      "mode": "managed",
      "type": "google_compute_backend_service",
      "name": "backend_service",
      "provider": "provider[\"registry.terraform.io/hashicorp/google\"]",
      "instances": [
        {
          "schema_version": 1,
          "attributes": {
            "affinity_cookie_ttl_sec": 0,
            "backend": [
              {
                "balancing_mode": "UTILIZATION",
                "capacity_scaler": 1,
                "description": "",
                "group": "https://www.googleapis.com/compute/v1/projects/gd-gcp-internship-devops/zones/us-central1-a/instanceGroups/instance-group-manager",
                "max_connections": 0,
                "max_connections_per_endpoint": 0,
                "max_connections_per_instance": 0,
                "max_rate": 0,
                "max_rate_per_endpoint": 0,
                "max_rate_per_instance": 0,
                "max_utilization": 0
              }
            ],
            "cdn_policy": [],
            "circuit_breakers": [],
            "compression_mode": "",
            "connection_draining_timeout_sec": 300,
            "consistent_hash": [],
            "creation_timestamp": "2024-04-22T05:01:51.071-07:00",
            "custom_request_headers": null,
            "custom_response_headers": null,
            "description": "",
            "edge_security_policy": "",
            "enable_cdn": false,
            "fingerprint": "R4WvVmw46b8=",
            "generated_id": 6190231247496408896,
            "health_checks": [
              "projects/gd-gcp-internship-devops/global/healthChecks/http-health-check"
            ],
            "iap": [],
            "id": "projects/gd-gcp-internship-devops/global/backendServices/backend-service",
            "load_balancing_scheme": "EXTERNAL",
            "locality_lb_policies": [],
            "locality_lb_policy": "",
            "log_config": [],
            "name": "backend-service",
            "outlier_detection": [],
            "port_name": "http",
            "project": "gd-gcp-internship-devops",
            "protocol": "HTTP",
            "security_policy": "",
            "security_settings": [],
            "self_link": "https://www.googleapis.com/compute/v1/projects/gd-gcp-internship-devops/global/backendServices/backend-service",
            "session_affinity": "NONE",
            "timeout_sec": 30,
            "timeouts": null
          },
          "sensitive_attributes": [],
          "private": "eyJlMmJmYjczMC1lY2FhLTExZTYtOGY4OC0zNDM2M2JjN2M0YzAiOnsiY3JlYXRlIjoxMjAwMDAwMDAwMDAwLCJkZWxldGUiOjEyMDAwMDAwMDAwMDAsInVwZGF0ZSI6MTIwMDAwMDAwMDAwMH0sInNjaGVtYV92ZXJzaW9uIjoiMSJ9",
          "dependencies": [
            "module.compute.google_compute_instance_group_manager.instance_group_manager",
            "module.compute.google_compute_instance_template.instance_template",
            "module.network.google_compute_health_check.http_health_check",
            "module.network.google_compute_network.vpc",
            "module.network.google_compute_subnetwork.custom-subnet1"
          ]
        }
      ]
    },
    {
      "module": "module.network",
      "mode": "managed",
      "type": "google_compute_firewall",
      "name": "firewall_rules",
      "provider": "provider[\"registry.terraform.io/hashicorp/google\"]",
      "instances": [
        {
          "index_key": "http",
          "schema_version": 1,
          "attributes": {
            "allow": [
              {
                "ports": [
                  "80"
                ],
                "protocol": "tcp"
              }
            ],
            "creation_timestamp": "2024-04-22T05:00:58.699-07:00",
            "deny": [],
            "description": "Allow HTTP traffic",
            "destination_ranges": [],
            "direction": "INGRESS",
            "disabled": false,
            "enable_logging": null,
            "id": "projects/gd-gcp-internship-devops/global/firewalls/http-firewall-rule",
            "log_config": [],
            "name": "http-firewall-rule",
            "network": "https://www.googleapis.com/compute/v1/projects/gd-gcp-internship-devops/global/networks/vpc-andrej",
            "priority": 1000,
            "project": "gd-gcp-internship-devops",
            "self_link": "https://www.googleapis.com/compute/v1/projects/gd-gcp-internship-devops/global/firewalls/http-firewall-rule",
            "source_ranges": [
              "0.0.0.0/0"
            ],
            "source_service_accounts": null,
            "source_tags": null,
            "target_service_accounts": null,
            "target_tags": [
              "http-allow"
            ],
            "timeouts": null
          },
          "sensitive_attributes": [],
          "private": "eyJlMmJmYjczMC1lY2FhLTExZTYtOGY4OC0zNDM2M2JjN2M0YzAiOnsiY3JlYXRlIjoxMjAwMDAwMDAwMDAwLCJkZWxldGUiOjEyMDAwMDAwMDAwMDAsInVwZGF0ZSI6MTIwMDAwMDAwMDAwMH0sInNjaGVtYV92ZXJzaW9uIjoiMSJ9",
          "dependencies": [
            "module.network.google_compute_network.vpc"
          ]
        },
        {
          "index_key": "ssh",
          "schema_version": 1,
          "attributes": {
            "allow": [
              {
                "ports": [
                  "22"
                ],
                "protocol": "tcp"
              }
            ],
            "creation_timestamp": "2024-04-22T05:00:58.729-07:00",
            "deny": [],
            "description": "Allow SSH traffic",
            "destination_ranges": [],
            "direction": "INGRESS",
            "disabled": false,
            "enable_logging": null,
            "id": "projects/gd-gcp-internship-devops/global/firewalls/ssh-firewall-rule",
            "log_config": [],
            "name": "ssh-firewall-rule",
            "network": "https://www.googleapis.com/compute/v1/projects/gd-gcp-internship-devops/global/networks/vpc-andrej",
            "priority": 1000,
            "project": "gd-gcp-internship-devops",
            "self_link": "https://www.googleapis.com/compute/v1/projects/gd-gcp-internship-devops/global/firewalls/ssh-firewall-rule",
            "source_ranges": [
              "0.0.0.0/0"
            ],
            "source_service_accounts": null,
            "source_tags": null,
            "target_service_accounts": null,
            "target_tags": [
              "ssh-allow"
            ],
            "timeouts": null
          },
          "sensitive_attributes": [],
          "private": "eyJlMmJmYjczMC1lY2FhLTExZTYtOGY4OC0zNDM2M2JjN2M0YzAiOnsiY3JlYXRlIjoxMjAwMDAwMDAwMDAwLCJkZWxldGUiOjEyMDAwMDAwMDAwMDAsInVwZGF0ZSI6MTIwMDAwMDAwMDAwMH0sInNjaGVtYV92ZXJzaW9uIjoiMSJ9",
          "dependencies": [
            "module.network.google_compute_network.vpc"
          ]
        }
      ]
    },
    {
      "module": "module.network",
      "mode": "managed",
      "type": "google_compute_global_forwarding_rule",
      "name": "forwarding_rule",
      "provider": "provider[\"registry.terraform.io/hashicorp/google\"]",
      "instances": [
        {
          "schema_version": 0,
          "attributes": {
            "base_forwarding_rule": "",
            "description": "",
            "effective_labels": {},
            "id": "projects/gd-gcp-internship-devops/global/forwardingRules/forwarding-rule",
            "ip_address": "34.160.28.164",
            "ip_protocol": "TCP",
            "ip_version": "",
            "label_fingerprint": "42WmSpB8rSM=",
            "labels": null,
            "load_balancing_scheme": "EXTERNAL",
            "metadata_filters": [],
            "name": "forwarding-rule",
            "network": "",
            "no_automate_dns_zone": null,
            "port_range": "80-80",
            "project": "gd-gcp-internship-devops",
            "psc_connection_id": "",
            "psc_connection_status": "",
            "self_link": "https://www.googleapis.com/compute/v1/projects/gd-gcp-internship-devops/global/forwardingRules/forwarding-rule",
            "service_directory_registrations": [],
            "source_ip_ranges": null,
            "subnetwork": "",
            "target": "https://www.googleapis.com/compute/v1/projects/gd-gcp-internship-devops/global/targetHttpProxies/target-http-proxy",
            "terraform_labels": {},
            "timeouts": null
          },
          "sensitive_attributes": [],
          "private": "eyJlMmJmYjczMC1lY2FhLTExZTYtOGY4OC0zNDM2M2JjN2M0YzAiOnsiY3JlYXRlIjoxMjAwMDAwMDAwMDAwLCJkZWxldGUiOjEyMDAwMDAwMDAwMDAsInVwZGF0ZSI6MTIwMDAwMDAwMDAwMH19",
          "dependencies": [
            "module.compute.google_compute_instance_group_manager.instance_group_manager",
            "module.compute.google_compute_instance_template.instance_template",
            "module.network.google_compute_backend_service.backend_service",
            "module.network.google_compute_health_check.http_health_check",
            "module.network.google_compute_network.vpc",
            "module.network.google_compute_subnetwork.custom-subnet1",
            "module.network.google_compute_target_http_proxy.target-http-proxy",
            "module.network.google_compute_url_map.url_map"
          ]
        }
      ]
    },
    {
      "module": "module.network",
      "mode": "managed",
      "type": "google_compute_health_check",
      "name": "http_health_check",
      "provider": "provider[\"registry.terraform.io/hashicorp/google\"]",
      "instances": [
        {
          "schema_version": 0,
          "attributes": {
            "check_interval_sec": 30,
            "creation_timestamp": "2024-04-22T05:00:36.417-07:00",
            "description": "",
            "grpc_health_check": [],
            "healthy_threshold": 2,
            "http2_health_check": [],
            "http_health_check": [
              {
                "host": "",
                "port": 80,
                "port_name": "",
                "port_specification": "",
                "proxy_header": "NONE",
                "request_path": "/",
                "response": ""
              }
            ],
            "https_health_check": [],
            "id": "projects/gd-gcp-internship-devops/global/healthChecks/http-health-check",
            "log_config": [
              {
                "enable": false
              }
            ],
            "name": "http-health-check",
            "project": "gd-gcp-internship-devops",
            "self_link": "https://www.googleapis.com/compute/v1/projects/gd-gcp-internship-devops/global/healthChecks/http-health-check",
            "ssl_health_check": [],
            "tcp_health_check": [],
            "timeout_sec": 30,
            "timeouts": null,
            "type": "HTTP",
            "unhealthy_threshold": 2
          },
          "sensitive_attributes": [],
          "private": "eyJlMmJmYjczMC1lY2FhLTExZTYtOGY4OC0zNDM2M2JjN2M0YzAiOnsiY3JlYXRlIjoxMjAwMDAwMDAwMDAwLCJkZWxldGUiOjEyMDAwMDAwMDAwMDAsInVwZGF0ZSI6MTIwMDAwMDAwMDAwMH19"
        }
      ]
    },
    {
      "module": "module.network",
      "mode": "managed",
      "type": "google_compute_network",
      "name": "vpc",
      "provider": "provider[\"registry.terraform.io/hashicorp/google\"]",
      "instances": [
        {
          "schema_version": 0,
          "attributes": {
            "auto_create_subnetworks": false,
            "delete_default_routes_on_create": false,
            "description": "",
            "enable_ula_internal_ipv6": false,
            "gateway_ipv4": "",
            "id": "projects/gd-gcp-internship-devops/global/networks/vpc-andrej",
            "internal_ipv6_range": "",
            "mtu": 0,
            "name": "vpc-andrej",
            "network_firewall_policy_enforcement_order": "AFTER_CLASSIC_FIREWALL",
            "numeric_id": "1960779043327176587",
            "project": "gd-gcp-internship-devops",
            "routing_mode": "REGIONAL",
            "self_link": "https://www.googleapis.com/compute/v1/projects/gd-gcp-internship-devops/global/networks/vpc-andrej",
            "timeouts": null
          },
          "sensitive_attributes": [],
          "private": "eyJlMmJmYjczMC1lY2FhLTExZTYtOGY4OC0zNDM2M2JjN2M0YzAiOnsiY3JlYXRlIjoxMjAwMDAwMDAwMDAwLCJkZWxldGUiOjEyMDAwMDAwMDAwMDAsInVwZGF0ZSI6MTIwMDAwMDAwMDAwMH19"
        }
      ]
    },
    {
      "module": "module.network",
      "mode": "managed",
      "type": "google_compute_subnetwork",
      "name": "custom-subnet1",
      "provider": "provider[\"registry.terraform.io/hashicorp/google\"]",
      "instances": [
        {
          "schema_version": 0,
          "attributes": {
            "creation_timestamp": "2024-04-22T05:00:59.323-07:00",
            "description": "",
            "external_ipv6_prefix": "",
            "fingerprint": null,
            "gateway_address": "10.0.1.1",
            "id": "projects/gd-gcp-internship-devops/regions/us-central1/subnetworks/custom-subnet1",
            "internal_ipv6_prefix": "",
            "ip_cidr_range": "10.0.1.0/24",
            "ipv6_access_type": "",
            "ipv6_cidr_range": "",
            "log_config": [],
            "name": "custom-subnet1",
            "network": "https://www.googleapis.com/compute/v1/projects/gd-gcp-internship-devops/global/networks/vpc-andrej",
            "private_ip_google_access": false,
            "private_ipv6_google_access": "DISABLE_GOOGLE_ACCESS",
            "project": "gd-gcp-internship-devops",
            "purpose": "PRIVATE",
            "region": "us-central1",
            "role": "",
            "secondary_ip_range": [],
            "self_link": "https://www.googleapis.com/compute/v1/projects/gd-gcp-internship-devops/regions/us-central1/subnetworks/custom-subnet1",
            "stack_type": "IPV4_ONLY",
            "timeouts": null
          },
          "sensitive_attributes": [],
          "private": "eyJlMmJmYjczMC1lY2FhLTExZTYtOGY4OC0zNDM2M2JjN2M0YzAiOnsiY3JlYXRlIjoxMjAwMDAwMDAwMDAwLCJkZWxldGUiOjEyMDAwMDAwMDAwMDAsInVwZGF0ZSI6MTIwMDAwMDAwMDAwMH19",
          "dependencies": [
            "module.network.google_compute_network.vpc"
          ]
        }
      ]
    },
    {
      "module": "module.network",
      "mode": "managed",
      "type": "google_compute_target_http_proxy",
      "name": "target-http-proxy",
      "provider": "provider[\"registry.terraform.io/hashicorp/google\"]",
      "instances": [
        {
          "schema_version": 0,
          "attributes": {
            "creation_timestamp": "2024-04-22T05:02:25.188-07:00",
            "description": "",
            "http_keep_alive_timeout_sec": 0,
            "id": "projects/gd-gcp-internship-devops/global/targetHttpProxies/target-http-proxy",
            "name": "target-http-proxy",
            "project": "gd-gcp-internship-devops",
            "proxy_bind": false,
            "proxy_id": 3128582540895186750,
            "self_link": "https://www.googleapis.com/compute/v1/projects/gd-gcp-internship-devops/global/targetHttpProxies/target-http-proxy",
            "timeouts": null,
            "url_map": "https://www.googleapis.com/compute/v1/projects/gd-gcp-internship-devops/global/urlMaps/url-map"
          },
          "sensitive_attributes": [],
          "private": "eyJlMmJmYjczMC1lY2FhLTExZTYtOGY4OC0zNDM2M2JjN2M0YzAiOnsiY3JlYXRlIjoxMjAwMDAwMDAwMDAwLCJkZWxldGUiOjEyMDAwMDAwMDAwMDAsInVwZGF0ZSI6MTIwMDAwMDAwMDAwMH19",
          "dependencies": [
            "module.compute.google_compute_instance_group_manager.instance_group_manager",
            "module.compute.google_compute_instance_template.instance_template",
            "module.network.google_compute_backend_service.backend_service",
            "module.network.google_compute_health_check.http_health_check",
            "module.network.google_compute_network.vpc",
            "module.network.google_compute_subnetwork.custom-subnet1",
            "module.network.google_compute_url_map.url_map"
          ]
        }
      ]
    },
    {
      "module": "module.network",
      "mode": "managed",
      "type": "google_compute_url_map",
      "name": "url_map",
      "provider": "provider[\"registry.terraform.io/hashicorp/google\"]",
      "instances": [
        {
          "schema_version": 0,
          "attributes": {
            "creation_timestamp": "2024-04-22T05:02:13.327-07:00",
            "default_route_action": [],
            "default_service": "https://www.googleapis.com/compute/v1/projects/gd-gcp-internship-devops/global/backendServices/backend-service",
            "default_url_redirect": [],
            "description": "",
            "fingerprint": "QJPm7wqGeEo=",
            "header_action": [],
            "host_rule": [],
            "id": "projects/gd-gcp-internship-devops/global/urlMaps/url-map",
            "map_id": 4693145913152761642,
            "name": "url-map",
            "path_matcher": [],
            "project": "gd-gcp-internship-devops",
            "self_link": "https://www.googleapis.com/compute/v1/projects/gd-gcp-internship-devops/global/urlMaps/url-map",
            "test": [],
            "timeouts": null
          },
          "sensitive_attributes": [],
          "private": "eyJlMmJmYjczMC1lY2FhLTExZTYtOGY4OC0zNDM2M2JjN2M0YzAiOnsiY3JlYXRlIjoxMjAwMDAwMDAwMDAwLCJkZWxldGUiOjEyMDAwMDAwMDAwMDAsInVwZGF0ZSI6MTIwMDAwMDAwMDAwMH19",
          "dependencies": [
            "module.compute.google_compute_instance_group_manager.instance_group_manager",
            "module.compute.google_compute_instance_template.instance_template",
            "module.network.google_compute_backend_service.backend_service",
            "module.network.google_compute_health_check.http_health_check",
            "module.network.google_compute_network.vpc",
            "module.network.google_compute_subnetwork.custom-subnet1"
          ]
        }
      ]
    }
  ],
  "check_results": null
}
